
Microsoft Visual Studio Solution File, Format Version 12.00
# Visual Studio 15
VisualStudioVersion = 15.0.28307.106
MinimumVisualStudioVersion = 10.0.40219.1
Project("{FAE04EC0-301F-11D3-BF4B-00C04F79EFBC}") = "WanKerrBot", "WanKerrBot\WanKerrBot.csproj", "{1FBC57CB-6FE3-4205-80D3-D4A696EEC379}"
EndProject
Project("{2150E333-8FDC-42A3-9474-1A3956D46DE8}") = "Solution Items", "Solution Items", "{29F057A1-AC2C-478F-A67E-CA787EE3B691}"
EndProject
Project("{9A19103F-16F7-4668-BE54-9A1E7A4F7556}") = "WamWooWam.Core", "..\..\..\Documents\GitHub\WamWooWam.Core\WamWooWam.Core\WamWooWam.Core.csproj", "{149A8704-1537-4111-B6CA-A5EE0DDD12FF}"
EndProject
Global
	GlobalSection(SolutionConfigurationPlatforms) = preSolution
		Debug|Any CPU = Debug|Any CPU
		Debug|x64 = Debug|x64
		Debug|x86 = Debug|x86
		Release|Any CPU = Release|Any CPU
		Release|x64 = Release|x64
		Release|x86 = Release|x86
	EndGlobalSection
	GlobalSection(ProjectConfigurationPlatforms) = postSolution
		{1FBC57CB-6FE3-4205-80D3-D4A696EEC379}.Debug|Any CPU.ActiveCfg = Debug|Any CPU
		{1FBC57CB-6FE3-4205-80D3-D4A696EEC379}.Debug|Any CPU.Build.0 = Debug|Any CPU
		{1FBC57CB-6FE3-4205-80D3-D4A696EEC379}.Debug|x64.ActiveCfg = Debug|Any CPU
		{1FBC57CB-6FE3-4205-80D3-D4A696EEC379}.Debug|x64.Build.0 = Debug|Any CPU
		{1FBC57CB-6FE3-4205-80D3-D4A696EEC379}.Debug|x86.ActiveCfg = Debug|Any CPU
		{1FBC57CB-6FE3-4205-80D3-D4A696EEC379}.Debug|x86.Build.0 = Debug|Any CPU
		{1FBC57CB-6FE3-4205-80D3-D4A696EEC379}.Release|Any CPU.ActiveCfg = Release|Any CPU
		{1FBC57CB-6FE3-4205-80D3-D4A696EEC379}.Release|Any CPU.Build.0 = Release|Any CPU
		{1FBC57CB-6FE3-4205-80D3-D4A696EEC379}.Release|x64.ActiveCfg = Release|Any CPU
		{1FBC57CB-6FE3-4205-80D3-D4A696EEC379}.Release|x64.Build.0 = Release|Any CPU
		{1FBC57CB-6FE3-4205-80D3-D4A696EEC379}.Release|x86.ActiveCfg = Release|Any CPU
		{1FBC57CB-6FE3-4205-80D3-D4A696EEC379}.Release|x86.Build.0 = Release|Any CPU
		{149A8704-1537-4111-B6CA-A5EE0DDD12FF}.Debug|Any CPU.ActiveCfg = Debug|Any CPU
		{149A8704-1537-4111-B6CA-A5EE0DDD12FF}.Debug|Any CPU.Build.0 = Debug|Any CPU
		{149A8704-1537-4111-B6CA-A5EE0DDD12FF}.Debug|x64.ActiveCfg = Debug|x64
		{149A8704-1537-4111-B6CA-A5EE0DDD12FF}.Debug|x64.Build.0 = Debug|x64
		{149A8704-1537-4111-B6CA-A5EE0DDD12FF}.Debug|x86.ActiveCfg = Debug|x86
		{149A8704-1537-4111-B6CA-A5EE0DDD12FF}.Debug|x86.Build.0 = Debug|x86
		{149A8704-1537-4111-B6CA-A5EE0DDD12FF}.Release|Any CPU.ActiveCfg = Release|Any CPU
		{149A8704-1537-4111-B6CA-A5EE0DDD12FF}.Release|Any CPU.Build.0 = Release|Any CPU
		{149A8704-1537-4111-B6CA-A5EE0DDD12FF}.Release|x64.ActiveCfg = Release|x64
		{149A8704-1537-4111-B6CA-A5EE0DDD12FF}.Release|x64.Build.0 = Release|x64
		{149A8704-1537-4111-B6CA-A5EE0DDD12FF}.Release|x86.ActiveCfg = Release|x86
		{149A8704-1537-4111-B6CA-A5EE0DDD12FF}.Release|x86.Build.0 = Release|x86
	EndGlobalSection
	GlobalSection(SolutionProperties) = preSolution
		HideSolutionNode = FALSE
	EndGlobalSection
	GlobalSection(ExtensibilityGlobals) = postSolution
		SolutionGuid = {451ACD6E-DB0F-44CD-A52D-9A9292B9D8D5}
	EndGlobalSection
EndGlobal
